
Microsoft Visual Studio Solution File, Format Version 12.00
# Visual Studio Version 17
VisualStudioVersion = 17.3.32819.101
MinimumVisualStudioVersion = 10.0.40219.1
Project("{FAE04EC0-301F-11D3-BF4B-00C04F79EFBC}") = "Exersise9", "Exersise9.csproj", "{EB7CF309-5CEC-48C5-BA23-CACE9668E5C9}"
EndProject
Global
	GlobalSection(SolutionConfigurationPlatforms) = preSolution
		Debug|Any CPU = Debug|Any CPU
		Release|Any CPU = Release|Any CPU
	EndGlobalSection
	GlobalSection(ProjectConfigurationPlatforms) = postSolution
		{EB7CF309-5CEC-48C5-BA23-CACE9668E5C9}.Debug|Any CPU.ActiveCfg = Debug|Any CPU
		{EB7CF309-5CEC-48C5-BA23-CACE9668E5C9}.Debug|Any CPU.Build.0 = Debug|Any CPU
		{EB7CF309-5CEC-48C5-BA23-CACE9668E5C9}.Release|Any CPU.ActiveCfg = Release|Any CPU
		{EB7CF309-5CEC-48C5-BA23-CACE9668E5C9}.Release|Any CPU.Build.0 = Release|Any CPU
	EndGlobalSection
	GlobalSection(SolutionProperties) = preSolution
		HideSolutionNode = FALSE
	EndGlobalSection
	GlobalSection(ExtensibilityGlobals) = postSolution
		SolutionGuid = {58353C10-586B-4D05-A8D3-CF88179D1804}
	EndGlobalSection
EndGlobal
